
Microsoft Visual Studio Solution File, Format Version 12.00
# Visual Studio Version 16
VisualStudioVersion = 16.0.35826.135
MinimumVisualStudioVersion = 10.0.40219.1
Project("{FAE04EC0-301F-11D3-BF4B-00C04F79EFBC}") = "Tarea1", "Tarea1.csproj", "{9388C95D-97CA-4089-AF21-31D33F9D3A2B}"
EndProject
Global
	GlobalSection(SolutionConfigurationPlatforms) = preSolution
		Debug|Any CPU = Debug|Any CPU
		Release|Any CPU = Release|Any CPU
	EndGlobalSection
	GlobalSection(ProjectConfigurationPlatforms) = postSolution
		{9388C95D-97CA-4089-AF21-31D33F9D3A2B}.Debug|Any CPU.ActiveCfg = Debug|Any CPU
		{9388C95D-97CA-4089-AF21-31D33F9D3A2B}.Debug|Any CPU.Build.0 = Debug|Any CPU
		{9388C95D-97CA-4089-AF21-31D33F9D3A2B}.Release|Any CPU.ActiveCfg = Release|Any CPU
		{9388C95D-97CA-4089-AF21-31D33F9D3A2B}.Release|Any CPU.Build.0 = Release|Any CPU
	EndGlobalSection
	GlobalSection(SolutionProperties) = preSolution
		HideSolutionNode = FALSE
	EndGlobalSection
	GlobalSection(ExtensibilityGlobals) = postSolution
		SolutionGuid = {7385C0A4-70B1-4CCF-B7BB-BF991CE8C569}
	EndGlobalSection
EndGlobal
