
Microsoft Visual Studio Solution File, Format Version 12.00
# Visual Studio Version 16
VisualStudioVersion = 16.0.35826.135
MinimumVisualStudioVersion = 10.0.40219.1
Project("{FAE04EC0-301F-11D3-BF4B-00C04F79EFBC}") = "Tarea3", "Tarea3.csproj", "{BF67123E-DCBF-4F3F-8769-2FA5E917814B}"
EndProject
Global
	GlobalSection(SolutionConfigurationPlatforms) = preSolution
		Debug|Any CPU = Debug|Any CPU
		Release|Any CPU = Release|Any CPU
	EndGlobalSection
	GlobalSection(ProjectConfigurationPlatforms) = postSolution
		{BF67123E-DCBF-4F3F-8769-2FA5E917814B}.Debug|Any CPU.ActiveCfg = Debug|Any CPU
		{BF67123E-DCBF-4F3F-8769-2FA5E917814B}.Debug|Any CPU.Build.0 = Debug|Any CPU
		{BF67123E-DCBF-4F3F-8769-2FA5E917814B}.Release|Any CPU.ActiveCfg = Release|Any CPU
		{BF67123E-DCBF-4F3F-8769-2FA5E917814B}.Release|Any CPU.Build.0 = Release|Any CPU
	EndGlobalSection
	GlobalSection(SolutionProperties) = preSolution
		HideSolutionNode = FALSE
	EndGlobalSection
	GlobalSection(ExtensibilityGlobals) = postSolution
		SolutionGuid = {ACB612FF-7E53-47A3-8A06-01D4146F0371}
	EndGlobalSection
EndGlobal
